# THIS IS AN AUTOGENERATED FILE. DO NOT EDIT THIS FILE DIRECTLY.
# yarn lockfile v1


flattie@^1.1.0:
  version "1.1.0"
  resolved "https://registry.yarnpkg.com/flattie/-/flattie-1.1.0.tgz#1459504209f2001c478751b4e2fb69d6b1ee3241"
  integrity sha512-xU99gDEnciIwJdGcBmNHnzTJ/w5AT+VFJOu6sTB6WM8diOYNA3Sa+K1DiEBQ7XH4QikQq3iFW1U+jRVcotQnBw==

nestie@^1.0.2:
  version "1.0.2"
  resolved "https://registry.yarnpkg.com/nestie/-/nestie-1.0.2.tgz#a55860ac6d4e07ebcf55d7aeb2db28d32fc4baab"
  integrity sha512-UYn4gLUKrrPGZ8NKsM7TxP1qbWfdtEY587Uoje05YbO1rEJBS0wox+nCMKaBNe+h8Rp5PCxy70gmUlR2ns2nrQ==

prettier@^2.7.1:
  version "2.7.1"
  resolved "https://registry.yarnpkg.com/prettier/-/prettier-2.7.1.tgz#e235806850d057f97bb08368a4f7d899f7760c64"
  integrity sha512-ujppO+MkdPqoVINuDFDRLClm7D78qbDt0/NR+wp5FqEZOoTNAjPHWj17QRhu7geIHJfcNhRk1XVQmF8Bp3ye+g==

pretty-hrtime@^1.0.3:
  version "1.0.3"
  resolved "https://registry.yarnpkg.com/pretty-hrtime/-/pretty-hrtime-1.0.3.tgz#b7e3ea42435a4c9b2759d99e0f201eb195802ee1"
  integrity sha512-66hKPCr+72mlfiSjlEB1+45IjXSqvVAIy6mocupoww4tBFE9R9IhwwUGoI4G++Tc9Aq+2rxOt0RFU6gPcrte0A==

sax@^1.2.4:
  version "1.2.4"
  resolved "https://registry.yarnpkg.com/sax/-/sax-1.2.4.tgz#2816234e2378bddc4e5354fab5caa895df7100d9"
  integrity sha512-NqVDv9TpANUjFm0N8uM5GxL36UgKi9/atZw+x7YFnQ8ckwFGKrl4xX4yWtrey3UJm5nP1kUbnYgLopqWNSRhWw==

xml-js@^1.6.11:
  version "1.6.11"
  resolved "https://registry.yarnpkg.com/xml-js/-/xml-js-1.6.11.tgz#927d2f6947f7f1c19a316dd8eea3614e8b18f8e9"
  integrity sha512-7rVi2KMfwfWFl+GpPg6m80IVMWXLRjO+PxTq7V2CDhoGak0wzYzFgUY2m4XJ47OGdXd8eLE8EmwfAmdjw7lC1g==
  dependencies:
    sax "^1.2.4"
